
Microsoft Visual Studio Solution File, Format Version 12.00
# Visual Studio Version 17
VisualStudioVersion = 17.7.34031.279
MinimumVisualStudioVersion = 10.0.40219.1
Project("{FAE04EC0-301F-11D3-BF4B-00C04F79EFBC}") = "LR3", "LR3\LR3.csproj", "{0CDC9872-2225-4EAF-847D-7497AC8BC3FF}"
EndProject
Global
	GlobalSection(SolutionConfigurationPlatforms) = preSolution
		Debug|Any CPU = Debug|Any CPU
		Release|Any CPU = Release|Any CPU
	EndGlobalSection
	GlobalSection(ProjectConfigurationPlatforms) = postSolution
		{0CDC9872-2225-4EAF-847D-7497AC8BC3FF}.Debug|Any CPU.ActiveCfg = Debug|Any CPU
		{0CDC9872-2225-4EAF-847D-7497AC8BC3FF}.Debug|Any CPU.Build.0 = Debug|Any CPU
		{0CDC9872-2225-4EAF-847D-7497AC8BC3FF}.Release|Any CPU.ActiveCfg = Release|Any CPU
		{0CDC9872-2225-4EAF-847D-7497AC8BC3FF}.Release|Any CPU.Build.0 = Release|Any CPU
	EndGlobalSection
	GlobalSection(SolutionProperties) = preSolution
		HideSolutionNode = FALSE
	EndGlobalSection
	GlobalSection(ExtensibilityGlobals) = postSolution
		SolutionGuid = {B0F1CDE0-8B63-4109-A6E5-4433C41B9D25}
	EndGlobalSection
EndGlobal
